
Microsoft Visual Studio Solution File, Format Version 12.00
# Visual Studio Version 16
VisualStudioVersion = 16.0.30523.141
MinimumVisualStudioVersion = 10.0.40219.1
Project("{FAE04EC0-301F-11D3-BF4B-00C04F79EFBC}") = "Parpalea_Radu_lab2", "Parpalea_Radu_lab2.csproj", "{9B6B1496-A97F-4FDD-9349-157093CE61CB}"
EndProject
Global
	GlobalSection(SolutionConfigurationPlatforms) = preSolution
		Debug|Any CPU = Debug|Any CPU
		Release|Any CPU = Release|Any CPU
	EndGlobalSection
	GlobalSection(ProjectConfigurationPlatforms) = postSolution
		{9B6B1496-A97F-4FDD-9349-157093CE61CB}.Debug|Any CPU.ActiveCfg = Debug|Any CPU
		{9B6B1496-A97F-4FDD-9349-157093CE61CB}.Debug|Any CPU.Build.0 = Debug|Any CPU
		{9B6B1496-A97F-4FDD-9349-157093CE61CB}.Release|Any CPU.ActiveCfg = Release|Any CPU
		{9B6B1496-A97F-4FDD-9349-157093CE61CB}.Release|Any CPU.Build.0 = Release|Any CPU
	EndGlobalSection
	GlobalSection(SolutionProperties) = preSolution
		HideSolutionNode = FALSE
	EndGlobalSection
	GlobalSection(ExtensibilityGlobals) = postSolution
		SolutionGuid = {00B0B417-4121-4C43-A841-A194F608ADD5}
	EndGlobalSection
EndGlobal
